
Microsoft Visual Studio Solution File, Format Version 12.00
# Visual Studio Version 17
VisualStudioVersion = 17.4.33213.308
MinimumVisualStudioVersion = 10.0.40219.1
Project("{9A19103F-16F7-4668-BE54-9A1E7A4F7556}") = "IdeoDigital.HomeAssignment", "IdeoDigital.HomeAssignment\IdeoDigital.HomeAssignment.csproj", "{2D350EDC-8A23-46E3-A2DC-D69081B55BC1}"
EndProject
Project("{9A19103F-16F7-4668-BE54-9A1E7A4F7556}") = "IdeoDigital.Entities", "IdeoDigital.Entities\IdeoDigital.Entities.csproj", "{82C2E2F8-1C15-493E-9368-43F368ED2DB2}"
EndProject
Project("{9A19103F-16F7-4668-BE54-9A1E7A4F7556}") = "IdeoDigital.Contracts", "IdeoDigital.Contracts\IdeoDigital.Contracts.csproj", "{7DE470F4-B6D4-4D22-BC1C-D3BC2D9DF18A}"
EndProject
Project("{9A19103F-16F7-4668-BE54-9A1E7A4F7556}") = "IdeoDigital.Repository", "IdeoDigital.Repository\IdeoDigital.Repository.csproj", "{2554E7B3-22F7-4D0C-BCE5-FDF7CA172F07}"
EndProject
Project("{E53339B2-1760-4266-BCC7-CA923CBCF16C}") = "docker-compose", "docker-compose.dcproj", "{4CCB7D15-7F00-42AB-A374-3AE9B3F1DC31}"
EndProject
Global
	GlobalSection(SolutionConfigurationPlatforms) = preSolution
		Debug|Any CPU = Debug|Any CPU
		Release|Any CPU = Release|Any CPU
	EndGlobalSection
	GlobalSection(ProjectConfigurationPlatforms) = postSolution
		{2D350EDC-8A23-46E3-A2DC-D69081B55BC1}.Debug|Any CPU.ActiveCfg = Debug|Any CPU
		{2D350EDC-8A23-46E3-A2DC-D69081B55BC1}.Debug|Any CPU.Build.0 = Debug|Any CPU
		{2D350EDC-8A23-46E3-A2DC-D69081B55BC1}.Release|Any CPU.ActiveCfg = Release|Any CPU
		{2D350EDC-8A23-46E3-A2DC-D69081B55BC1}.Release|Any CPU.Build.0 = Release|Any CPU
		{82C2E2F8-1C15-493E-9368-43F368ED2DB2}.Debug|Any CPU.ActiveCfg = Debug|Any CPU
		{82C2E2F8-1C15-493E-9368-43F368ED2DB2}.Debug|Any CPU.Build.0 = Debug|Any CPU
		{82C2E2F8-1C15-493E-9368-43F368ED2DB2}.Release|Any CPU.ActiveCfg = Release|Any CPU
		{82C2E2F8-1C15-493E-9368-43F368ED2DB2}.Release|Any CPU.Build.0 = Release|Any CPU
		{7DE470F4-B6D4-4D22-BC1C-D3BC2D9DF18A}.Debug|Any CPU.ActiveCfg = Debug|Any CPU
		{7DE470F4-B6D4-4D22-BC1C-D3BC2D9DF18A}.Debug|Any CPU.Build.0 = Debug|Any CPU
		{7DE470F4-B6D4-4D22-BC1C-D3BC2D9DF18A}.Release|Any CPU.ActiveCfg = Release|Any CPU
		{7DE470F4-B6D4-4D22-BC1C-D3BC2D9DF18A}.Release|Any CPU.Build.0 = Release|Any CPU
		{2554E7B3-22F7-4D0C-BCE5-FDF7CA172F07}.Debug|Any CPU.ActiveCfg = Debug|Any CPU
		{2554E7B3-22F7-4D0C-BCE5-FDF7CA172F07}.Debug|Any CPU.Build.0 = Debug|Any CPU
		{2554E7B3-22F7-4D0C-BCE5-FDF7CA172F07}.Release|Any CPU.ActiveCfg = Release|Any CPU
		{2554E7B3-22F7-4D0C-BCE5-FDF7CA172F07}.Release|Any CPU.Build.0 = Release|Any CPU
		{4CCB7D15-7F00-42AB-A374-3AE9B3F1DC31}.Debug|Any CPU.ActiveCfg = Debug|Any CPU
		{4CCB7D15-7F00-42AB-A374-3AE9B3F1DC31}.Debug|Any CPU.Build.0 = Debug|Any CPU
		{4CCB7D15-7F00-42AB-A374-3AE9B3F1DC31}.Release|Any CPU.ActiveCfg = Release|Any CPU
		{4CCB7D15-7F00-42AB-A374-3AE9B3F1DC31}.Release|Any CPU.Build.0 = Release|Any CPU
	EndGlobalSection
	GlobalSection(SolutionProperties) = preSolution
		HideSolutionNode = FALSE
	EndGlobalSection
	GlobalSection(ExtensibilityGlobals) = postSolution
		SolutionGuid = {8B537440-D3BE-4AAF-B29C-673EDF87C145}
	EndGlobalSection
EndGlobal
